{
  "name": "GamesHall",
  "version": "0.0.1",
  "lockfileVersion": 1,
  "requires": true,
  "dependencies": {
    "@ionic-native/app-availability": {
      "version": "5.5.1",
      "resolved": "http://r.cnpmjs.org/@ionic-native/app-availability/download/@ionic-native/app-availability-5.5.1.tgz",
      "integrity": "sha1-rkn84G/UVGtsU8h/SCdJDiMDuwE=",
      "requires": {
        "@types/cordova": "0.0.34"
      }
    },
    "@types/cordova": {
      "version": "0.0.34",
      "resolved": "http://r.cnpmjs.org/@types/cordova/download/@types/cordova-0.0.34.tgz",
      "integrity": "sha1-6nrd907Ow9dimCegw54smt3HPQQ="
    },
    "cordova-plugin-appavailability": {
      "version": "0.4.2",
      "resolved": "http://r.cnpmjs.org/cordova-plugin-appavailability/download/cordova-plugin-appavailability-0.4.2.tgz",
      "integrity": "sha1-oBeq8PiCfuWZ3HeLYkXcwTULy6g="
    }
  }
}
